// !$*UTF8*$!
{
	archiveVersion = 1;
	classes = {
	};
	objectVersion = 46;
	objects = {

/* Begin PBXBuildFile section */
		0BD0E309BCC878D99C85F6C9 /* Pods_Daily.framework in Frameworks */ = {isa = PBXBuildFile; fileRef = B651A3BC5DAA85FE127BC860 /* Pods_Daily.framework */; };
		38071D211F974D0C00A4D9CF /* AppDelegate.swift in Sources */ = {isa = PBXBuildFile; fileRef = 38071D201F974D0C00A4D9CF /* AppDelegate.swift */; };
		38071D291F974D0C00A4D9CF /* Daily.xcdatamodeld in Sources */ = {isa = PBXBuildFile; fileRef = 38071D271F974D0C00A4D9CF /* Daily.xcdatamodeld */; };
		38071D2B1F974D0C00A4D9CF /* Assets.xcassets in Resources */ = {isa = PBXBuildFile; fileRef = 38071D2A1F974D0C00A4D9CF /* Assets.xcassets */; };
		380D5BF71FA1ED1200A969B8 /* LoginController.swift in Sources */ = {isa = PBXBuildFile; fileRef = 380D5BF21FA1ED1200A969B8 /* LoginController.swift */; };
		380D5BF81FA1ED1200A969B8 /* MomentsTableViewCell.swift in Sources */ = {isa = PBXBuildFile; fileRef = 380D5BF31FA1ED1200A969B8 /* MomentsTableViewCell.swift */; };
		380D5BF91FA1ED1200A969B8 /* MomentsTableViewController.swift in Sources */ = {isa = PBXBuildFile; fileRef = 380D5BF41FA1ED1200A969B8 /* MomentsTableViewController.swift */; };
		380D5BFA1FA1ED1200A969B8 /* NewMomentController.swift in Sources */ = {isa = PBXBuildFile; fileRef = 380D5BF51FA1ED1200A969B8 /* NewMomentController.swift */; };
		380D5BFB1FA1ED1200A969B8 /* RegisterController.swift in Sources */ = {isa = PBXBuildFile; fileRef = 380D5BF61FA1ED1200A969B8 /* RegisterController.swift */; };
		380D5BFE1FA1ED2700A969B8 /* LaunchScreen.storyboard in Resources */ = {isa = PBXBuildFile; fileRef = 380D5BFC1FA1ED2700A969B8 /* LaunchScreen.storyboard */; };
		380D5BFF1FA1ED2700A969B8 /* Main.storyboard in Resources */ = {isa = PBXBuildFile; fileRef = 380D5BFD1FA1ED2700A969B8 /* Main.storyboard */; };
		38F82C551F9F4B9C00A67B3C /* User+CoreDataClass.swift in Sources */ = {isa = PBXBuildFile; fileRef = 38F82C511F9F4B9C00A67B3C /* User+CoreDataClass.swift */; };
		38F82C561F9F4B9C00A67B3C /* User+CoreDataProperties.swift in Sources */ = {isa = PBXBuildFile; fileRef = 38F82C521F9F4B9C00A67B3C /* User+CoreDataProperties.swift */; };
		38F82C571F9F4B9C00A67B3C /* Moment+CoreDataClass.swift in Sources */ = {isa = PBXBuildFile; fileRef = 38F82C531F9F4B9C00A67B3C /* Moment+CoreDataClass.swift */; };
		38F82C581F9F4B9C00A67B3C /* Moment+CoreDataProperties.swift in Sources */ = {isa = PBXBuildFile; fileRef = 38F82C541F9F4B9C00A67B3C /* Moment+CoreDataProperties.swift */; };
		38F82C5A1F9F4BD400A67B3C /* UserInformation.swift in Sources */ = {isa = PBXBuildFile; fileRef = 38F82C591F9F4BD400A67B3C /* UserInformation.swift */; };
/* End PBXBuildFile section */

/* Begin PBXFileReference section */
		38071D1D1F974D0C00A4D9CF /* Daily.app */ = {isa = PBXFileReference; explicitFileType = wrapper.application; includeInIndex = 0; path = Daily.app; sourceTree = BUILT_PRODUCTS_DIR; };
		38071D201F974D0C00A4D9CF /* AppDelegate.swift */ = {isa = PBXFileReference; lastKnownFileType = sourcecode.swift; path = AppDelegate.swift; sourceTree = "<group>"; };
		38071D281F974D0C00A4D9CF /* Daily.xcdatamodel */ = {isa = PBXFileReference; lastKnownFileType = wrapper.xcdatamodel; path = Daily.xcdatamodel; sourceTree = "<group>"; };
		38071D2A1F974D0C00A4D9CF /* Assets.xcassets */ = {isa = PBXFileReference; lastKnownFileType = folder.assetcatalog; path = Assets.xcassets; sourceTree = "<group>"; };
		38071D2F1F974D0C00A4D9CF /* Info.plist */ = {isa = PBXFileReference; lastKnownFileType = text.plist.xml; path = Info.plist; sourceTree = "<group>"; };
		380D5BF21FA1ED1200A969B8 /* LoginController.swift */ = {isa = PBXFileReference; fileEncoding = 4; lastKnownFileType = sourcecode.swift; name = LoginController.swift; path = Daily/Controller/LoginController.swift; sourceTree = SOURCE_ROOT; };
		380D5BF31FA1ED1200A969B8 /* MomentsTableViewCell.swift */ = {isa = PBXFileReference; fileEncoding = 4; lastKnownFileType = sourcecode.swift; name = MomentsTableViewCell.swift; path = Daily/Controller/MomentsTableViewCell.swift; sourceTree = SOURCE_ROOT; };
		380D5BF41FA1ED1200A969B8 /* MomentsTableViewController.swift */ = {isa = PBXFileReference; fileEncoding = 4; lastKnownFileType = sourcecode.swift; name = MomentsTableViewController.swift; path = Daily/Controller/MomentsTableViewController.swift; sourceTree = SOURCE_ROOT; };
		380D5BF51FA1ED1200A969B8 /* NewMomentController.swift */ = {isa = PBXFileReference; fileEncoding = 4; lastKnownFileType = sourcecode.swift; name = NewMomentController.swift; path = Daily/Controller/NewMomentController.swift; sourceTree = SOURCE_ROOT; };
		380D5BF61FA1ED1200A969B8 /* RegisterController.swift */ = {isa = PBXFileReference; fileEncoding = 4; lastKnownFileType = sourcecode.swift; name = RegisterController.swift; path = Daily/Controller/RegisterController.swift; sourceTree = SOURCE_ROOT; };
		380D5BFC1FA1ED2700A969B8 /* LaunchScreen.storyboard */ = {isa = PBXFileReference; fileEncoding = 4; lastKnownFileType = file.storyboard; path = LaunchScreen.storyboard; sourceTree = "<group>"; };
		380D5BFD1FA1ED2700A969B8 /* Main.storyboard */ = {isa = PBXFileReference; fileEncoding = 4; lastKnownFileType = file.storyboard; path = Main.storyboard; sourceTree = "<group>"; };
		38F82C511F9F4B9C00A67B3C /* User+CoreDataClass.swift */ = {isa = PBXFileReference; fileEncoding = 4; lastKnownFileType = sourcecode.swift; path = "User+CoreDataClass.swift"; sourceTree = "<group>"; };
		38F82C521F9F4B9C00A67B3C /* User+CoreDataProperties.swift */ = {isa = PBXFileReference; fileEncoding = 4; lastKnownFileType = sourcecode.swift; path = "User+CoreDataProperties.swift"; sourceTree = "<group>"; };
		38F82C531F9F4B9C00A67B3C /* Moment+CoreDataClass.swift */ = {isa = PBXFileReference; fileEncoding = 4; lastKnownFileType = sourcecode.swift; path = "Moment+CoreDataClass.swift"; sourceTree = "<group>"; };
		38F82C541F9F4B9C00A67B3C /* Moment+CoreDataProperties.swift */ = {isa = PBXFileReference; fileEncoding = 4; lastKnownFileType = sourcecode.swift; path = "Moment+CoreDataProperties.swift"; sourceTree = "<group>"; };
		38F82C591F9F4BD400A67B3C /* UserInformation.swift */ = {isa = PBXFileReference; fileEncoding = 4; lastKnownFileType = sourcecode.swift; path = UserInformation.swift; sourceTree = "<group>"; };
		5BF0D6C9281080EA100372F1 /* Pods-Daily.release.xcconfig */ = {isa = PBXFileReference; includeInIndex = 1; lastKnownFileType = text.xcconfig; name = "Pods-Daily.release.xcconfig"; path = "Pods/Target Support Files/Pods-Daily/Pods-Daily.release.xcconfig"; sourceTree = "<group>"; };
		637F9EFF00B836351E2DFBCF /* Pods-Daily.debug.xcconfig */ = {isa = PBXFileReference; includeInIndex = 1; lastKnownFileType = text.xcconfig; name = "Pods-Daily.debug.xcconfig"; path = "Pods/Target Support Files/Pods-Daily/Pods-Daily.debug.xcconfig"; sourceTree = "<group>"; };
		B651A3BC5DAA85FE127BC860 /* Pods_Daily.framework */ = {isa = PBXFileReference; explicitFileType = wrapper.framework; includeInIndex = 0; path = Pods_Daily.framework; sourceTree = BUILT_PRODUCTS_DIR; };
/* End PBXFileReference section */

/* Begin PBXFrameworksBuildPhase section */
		38071D1A1F974D0B00A4D9CF /* Frameworks */ = {
			isa = PBXFrameworksBuildPhase;
			buildActionMask = 2147483647;
			files = (
				0BD0E309BCC878D99C85F6C9 /* Pods_Daily.framework in Frameworks */,
			);
			runOnlyForDeploymentPostprocessing = 0;
		};
/* End PBXFrameworksBuildPhase section */

/* Begin PBXGroup section */
		20088DE5CBFB872153B1C70D /* Frameworks */ = {
			isa = PBXGroup;
			children = (
				B651A3BC5DAA85FE127BC860 /* Pods_Daily.framework */,
			);
			name = Frameworks;
			sourceTree = "<group>";
		};
		38071D141F974D0B00A4D9CF = {
			isa = PBXGroup;
			children = (
				38071D1F1F974D0C00A4D9CF /* Daily */,
				38071D1E1F974D0C00A4D9CF /* Products */,
				CFAB1C2AB2436F26058CBB19 /* Pods */,
				20088DE5CBFB872153B1C70D /* Frameworks */,
			);
			sourceTree = "<group>";
		};
		38071D1E1F974D0C00A4D9CF /* Products */ = {
			isa = PBXGroup;
			children = (
				38071D1D1F974D0C00A4D9CF /* Daily.app */,
			);
			name = Products;
			sourceTree = "<group>";
		};
		38071D1F1F974D0C00A4D9CF /* Daily */ = {
			isa = PBXGroup;
			children = (
				386FA5521F975F6F004B4F49 /* Controller */,
				386FA54A1F975533004B4F49 /* Models */,
				386FA54B1F975533004B4F49 /* Views */,
				38071D201F974D0C00A4D9CF /* AppDelegate.swift */,
				38071D2A1F974D0C00A4D9CF /* Assets.xcassets */,
				38071D2F1F974D0C00A4D9CF /* Info.plist */,
				38071D271F974D0C00A4D9CF /* Daily.xcdatamodeld */,
			);
			path = Daily;
			sourceTree = "<group>";
		};
		386FA54A1F975533004B4F49 /* Models */ = {
			isa = PBXGroup;
			children = (
				38F82C511F9F4B9C00A67B3C /* User+CoreDataClass.swift */,
				38F82C521F9F4B9C00A67B3C /* User+CoreDataProperties.swift */,
				38F82C531F9F4B9C00A67B3C /* Moment+CoreDataClass.swift */,
				38F82C541F9F4B9C00A67B3C /* Moment+CoreDataProperties.swift */,
				38F82C591F9F4BD400A67B3C /* UserInformation.swift */,
			);
			path = Models;
			sourceTree = "<group>";
		};
		386FA54B1F975533004B4F49 /* Views */ = {
			isa = PBXGroup;
			children = (
				380D5BFC1FA1ED2700A969B8 /* LaunchScreen.storyboard */,
				380D5BFD1FA1ED2700A969B8 /* Main.storyboard */,
			);
			path = Views;
			sourceTree = "<group>";
		};
		386FA5521F975F6F004B4F49 /* Controller */ = {
			isa = PBXGroup;
			children = (
				380D5BF21FA1ED1200A969B8 /* LoginController.swift */,
				380D5BF31FA1ED1200A969B8 /* MomentsTableViewCell.swift */,
				380D5BF41FA1ED1200A969B8 /* MomentsTableViewController.swift */,
				380D5BF51FA1ED1200A969B8 /* NewMomentController.swift */,
				380D5BF61FA1ED1200A969B8 /* RegisterController.swift */,
			);
			name = Controller;
			path = Views/Controller;
			sourceTree = "<group>";
		};
		CFAB1C2AB2436F26058CBB19 /* Pods */ = {
			isa = PBXGroup;
			children = (
				637F9EFF00B836351E2DFBCF /* Pods-Daily.debug.xcconfig */,
				5BF0D6C9281080EA100372F1 /* Pods-Daily.release.xcconfig */,
			);
			name = Pods;
			sourceTree = "<group>";
		};
/* End PBXGroup section */

/* Begin PBXNativeTarget section */
		38071D1C1F974D0B00A4D9CF /* Daily */ = {
			isa = PBXNativeTarget;
			buildConfigurationList = 38071D321F974D0C00A4D9CF /* Build configuration list for PBXNativeTarget "Daily" */;
			buildPhases = (
				73A4B02986C84BF1D80B1415 /* [CP] Check Pods Manifest.lock */,
				38071D191F974D0B00A4D9CF /* Sources */,
				38071D1A1F974D0B00A4D9CF /* Frameworks */,
				38071D1B1F974D0B00A4D9CF /* Resources */,
				37EBA264832ACE187EA32F8C /* [CP] Embed Pods Frameworks */,
				B5EB7351061ABA6B8C2FAF4F /* [CP] Copy Pods Resources */,
			);
			buildRules = (
			);
			dependencies = (
			);
			name = Daily;
			productName = Daily;
			productReference = 38071D1D1F974D0C00A4D9CF /* Daily.app */;
			productType = "com.apple.product-type.application";
		};
/* End PBXNativeTarget section */

/* Begin PBXProject section */
		38071D151F974D0B00A4D9CF /* Project object */ = {
			isa = PBXProject;
			attributes = {
				LastSwiftUpdateCheck = 0830;
				LastUpgradeCheck = 0830;
				ORGANIZATIONNAME = "Vicente Cantu Garcia";
				TargetAttributes = {
					38071D1C1F974D0B00A4D9CF = {
						CreatedOnToolsVersion = 8.3.3;
						DevelopmentTeam = 8P47JR3FHB;
						ProvisioningStyle = Automatic;
					};
				};
			};
			buildConfigurationList = 38071D181F974D0B00A4D9CF /* Build configuration list for PBXProject "Daily" */;
			compatibilityVersion = "Xcode 3.2";
			developmentRegion = English;
			hasScannedForEncodings = 0;
			knownRegions = (
				en,
				Base,
			);
			mainGroup = 38071D141F974D0B00A4D9CF;
			productRefGroup = 38071D1E1F974D0C00A4D9CF /* Products */;
			projectDirPath = "";
			projectRoot = "";
			targets = (
				38071D1C1F974D0B00A4D9CF /* Daily */,
			);
		};
/* End PBXProject section */

/* Begin PBXResourcesBuildPhase section */
		38071D1B1F974D0B00A4D9CF /* Resources */ = {
			isa = PBXResourcesBuildPhase;
			buildActionMask = 2147483647;
			files = (
				380D5BFF1FA1ED2700A969B8 /* Main.storyboard in Resources */,
				38071D2B1F974D0C00A4D9CF /* Assets.xcassets in Resources */,
				380D5BFE1FA1ED2700A969B8 /* LaunchScreen.storyboard in Resources */,
			);
			runOnlyForDeploymentPostprocessing = 0;
		};
/* End PBXResourcesBuildPhase section */

/* Begin PBXShellScriptBuildPhase section */
		37EBA264832ACE187EA32F8C /* [CP] Embed Pods Frameworks */ = {
			isa = PBXShellScriptBuildPhase;
			buildActionMask = 2147483647;
			files = (
			);
			inputPaths = (
				"${SRCROOT}/Pods/Target Support Files/Pods-Daily/Pods-Daily-frameworks.sh",
				"${BUILT_PRODUCTS_DIR}/SwiftKeychainWrapper/SwiftKeychainWrapper.framework",
			);
			name = "[CP] Embed Pods Frameworks";
			outputPaths = (
				"${TARGET_BUILD_DIR}/${FRAMEWORKS_FOLDER_PATH}/SwiftKeychainWrapper.framework",
			);
			runOnlyForDeploymentPostprocessing = 0;
			shellPath = /bin/sh;
			shellScript = "\"${SRCROOT}/Pods/Target Support Files/Pods-Daily/Pods-Daily-frameworks.sh\"\n";
			showEnvVarsInLog = 0;
		};
		73A4B02986C84BF1D80B1415 /* [CP] Check Pods Manifest.lock */ = {
			isa = PBXShellScriptBuildPhase;
			buildActionMask = 2147483647;
			files = (
			);
			inputPaths = (
				"${PODS_PODFILE_DIR_PATH}/Podfile.lock",
				"${PODS_ROOT}/Manifest.lock",
			);
			name = "[CP] Check Pods Manifest.lock";
			outputPaths = (
				"$(DERIVED_FILE_DIR)/Pods-Daily-checkManifestLockResult.txt",
			);
			runOnlyForDeploymentPostprocessing = 0;
			shellPath = /bin/sh;
			shellScript = "diff \"${PODS_PODFILE_DIR_PATH}/Podfile.lock\" \"${PODS_ROOT}/Manifest.lock\" > /dev/null\nif [ $? != 0 ] ; then\n    # print error to STDERR\n    echo \"error: The sandbox is not in sync with the Podfile.lock. Run 'pod install' or update your CocoaPods installation.\" >&2\n    exit 1\nfi\n# This output is used by Xcode 'outputs' to avoid re-running this script phase.\necho \"SUCCESS\" > \"${SCRIPT_OUTPUT_FILE_0}\"\n";
			showEnvVarsInLog = 0;
		};
		B5EB7351061ABA6B8C2FAF4F /* [CP] Copy Pods Resources */ = {
			isa = PBXShellScriptBuildPhase;
			buildActionMask = 2147483647;
			files = (
			);
			inputPaths = (
			);
			name = "[CP] Copy Pods Resources";
			outputPaths = (
			);
			runOnlyForDeploymentPostprocessing = 0;
			shellPath = /bin/sh;
			shellScript = "\"${SRCROOT}/Pods/Target Support Files/Pods-Daily/Pods-Daily-resources.sh\"\n";
			showEnvVarsInLog = 0;
		};
/* End PBXShellScriptBuildPhase section */

/* Begin PBXSourcesBuildPhase section */
		38071D191F974D0B00A4D9CF /* Sources */ = {
			isa = PBXSourcesBuildPhase;
			buildActionMask = 2147483647;
			files = (
				38071D291F974D0C00A4D9CF /* Daily.xcdatamodeld in Sources */,
				38F82C581F9F4B9C00A67B3C /* Moment+CoreDataProperties.swift in Sources */,
				380D5BF91FA1ED1200A969B8 /* MomentsTableViewController.swift in Sources */,
				380D5BF81FA1ED1200A969B8 /* MomentsTableViewCell.swift in Sources */,
				38071D211F974D0C00A4D9CF /* AppDelegate.swift in Sources */,
				38F82C551F9F4B9C00A67B3C /* User+CoreDataClass.swift in Sources */,
				38F82C5A1F9F4BD400A67B3C /* UserInformation.swift in Sources */,
				380D5BF71FA1ED1200A969B8 /* LoginController.swift in Sources */,
				380D5BFB1FA1ED1200A969B8 /* RegisterController.swift in Sources */,
				38F82C561F9F4B9C00A67B3C /* User+CoreDataProperties.swift in Sources */,
				38F82C571F9F4B9C00A67B3C /* Moment+CoreDataClass.swift in Sources */,
				380D5BFA1FA1ED1200A969B8 /* NewMomentController.swift in Sources */,
			);
			runOnlyForDeploymentPostprocessing = 0;
		};
/* End PBXSourcesBuildPhase section */

/* Begin XCBuildConfiguration section */
		38071D301F974D0C00A4D9CF /* Debug */ = {
			isa = XCBuildConfiguration;
			buildSettings = {
				ALWAYS_SEARCH_USER_PATHS = NO;
				CLANG_ANALYZER_NONNULL = YES;
				CLANG_ANALYZER_NUMBER_OBJECT_CONVERSION = YES_AGGRESSIVE;
				CLANG_CXX_LANGUAGE_STANDARD = "gnu++0x";
				CLANG_CXX_LIBRARY = "libc++";
				CLANG_ENABLE_MODULES = YES;
				CLANG_ENABLE_OBJC_ARC = YES;
				CLANG_WARN_BOOL_CONVERSION = YES;
				CLANG_WARN_CONSTANT_CONVERSION = YES;
				CLANG_WARN_DIRECT_OBJC_ISA_USAGE = YES_ERROR;
				CLANG_WARN_DOCUMENTATION_COMMENTS = YES;
				CLANG_WARN_EMPTY_BODY = YES;
				CLANG_WARN_ENUM_CONVERSION = YES;
				CLANG_WARN_INFINITE_RECURSION = YES;
				CLANG_WARN_INT_CONVERSION = YES;
				CLANG_WARN_OBJC_ROOT_CLASS = YES_ERROR;
				CLANG_WARN_SUSPICIOUS_MOVE = YES;
				CLANG_WARN_UNREACHABLE_CODE = YES;
				CLANG_WARN__DUPLICATE_METHOD_MATCH = YES;
				"CODE_SIGN_IDENTITY[sdk=iphoneos*]" = "iPhone Developer";
				COPY_PHASE_STRIP = NO;
				DEBUG_INFORMATION_FORMAT = dwarf;
				ENABLE_STRICT_OBJC_MSGSEND = YES;
				ENABLE_TESTABILITY = YES;
				GCC_C_LANGUAGE_STANDARD = gnu99;
				GCC_DYNAMIC_NO_PIC = NO;
				GCC_NO_COMMON_BLOCKS = YES;
				GCC_OPTIMIZATION_LEVEL = 0;
				GCC_PREPROCESSOR_DEFINITIONS = (
					"DEBUG=1",
					"$(inherited)",
				);
				GCC_WARN_64_TO_32_BIT_CONVERSION = YES;
				GCC_WARN_ABOUT_RETURN_TYPE = YES_ERROR;
				GCC_WARN_UNDECLARED_SELECTOR = YES;
				GCC_WARN_UNINITIALIZED_AUTOS = YES_AGGRESSIVE;
				GCC_WARN_UNUSED_FUNCTION = YES;
				GCC_WARN_UNUSED_VARIABLE = YES;
				IPHONEOS_DEPLOYMENT_TARGET = 10.3;
				MTL_ENABLE_DEBUG_INFO = YES;
				ONLY_ACTIVE_ARCH = YES;
				SDKROOT = iphoneos;
				SWIFT_ACTIVE_COMPILATION_CONDITIONS = DEBUG;
				SWIFT_OPTIMIZATION_LEVEL = "-Onone";
				TARGETED_DEVICE_FAMILY = "1,2";
			};
			name = Debug;
		};
		38071D311F974D0C00A4D9CF /* Release */ = {
			isa = XCBuildConfiguration;
			buildSettings = {
				ALWAYS_SEARCH_USER_PATHS = NO;
				CLANG_ANALYZER_NONNULL = YES;
				CLANG_ANALYZER_NUMBER_OBJECT_CONVERSION = YES_AGGRESSIVE;
				CLANG_CXX_LANGUAGE_STANDARD = "gnu++0x";
				CLANG_CXX_LIBRARY = "libc++";
				CLANG_ENABLE_MODULES = YES;
				CLANG_ENABLE_OBJC_ARC = YES;
				CLANG_WARN_BOOL_CONVERSION = YES;
				CLANG_WARN_CONSTANT_CONVERSION = YES;
				CLANG_WARN_DIRECT_OBJC_ISA_USAGE = YES_ERROR;
				CLANG_WARN_DOCUMENTATION_COMMENTS = YES;
				CLANG_WARN_EMPTY_BODY = YES;
				CLANG_WARN_ENUM_CONVERSION = YES;
				CLANG_WARN_INFINITE_RECURSION = YES;
				CLANG_WARN_INT_CONVERSION = YES;
				CLANG_WARN_OBJC_ROOT_CLASS = YES_ERROR;
				CLANG_WARN_SUSPICIOUS_MOVE = YES;
				CLANG_WARN_UNREACHABLE_CODE = YES;
				CLANG_WARN__DUPLICATE_METHOD_MATCH = YES;
				"CODE_SIGN_IDENTITY[sdk=iphoneos*]" = "iPhone Developer";
				COPY_PHASE_STRIP = NO;
				DEBUG_INFORMATION_FORMAT = "dwarf-with-dsym";
				ENABLE_NS_ASSERTIONS = NO;
				ENABLE_STRICT_OBJC_MSGSEND = YES;
				GCC_C_LANGUAGE_STANDARD = gnu99;
				GCC_NO_COMMON_BLOCKS = YES;
				GCC_WARN_64_TO_32_BIT_CONVERSION = YES;
				GCC_WARN_ABOUT_RETURN_TYPE = YES_ERROR;
				GCC_WARN_UNDECLARED_SELECTOR = YES;
				GCC_WARN_UNINITIALIZED_AUTOS = YES_AGGRESSIVE;
				GCC_WARN_UNUSED_FUNCTION = YES;
				GCC_WARN_UNUSED_VARIABLE = YES;
				IPHONEOS_DEPLOYMENT_TARGET = 10.3;
				MTL_ENABLE_DEBUG_INFO = NO;
				SDKROOT = iphoneos;
				SWIFT_OPTIMIZATION_LEVEL = "-Owholemodule";
				TARGETED_DEVICE_FAMILY = "1,2";
				VALIDATE_PRODUCT = YES;
			};
			name = Release;
		};
		38071D331F974D0C00A4D9CF /* Debug */ = {
			isa = XCBuildConfiguration;
			baseConfigurationReference = 637F9EFF00B836351E2DFBCF /* Pods-Daily.debug.xcconfig */;
			buildSettings = {
				ASSETCATALOG_COMPILER_APPICON_NAME = AppIcon;
				DEVELOPMENT_TEAM = 8P47JR3FHB;
				INFOPLIST_FILE = Daily/Info.plist;
				IPHONEOS_DEPLOYMENT_TARGET = 10.3;
				LD_RUNPATH_SEARCH_PATHS = "$(inherited) @executable_path/Frameworks";
				PRODUCT_BUNDLE_IDENTIFIER = vicentesiis.Daily;
				PRODUCT_NAME = "$(TARGET_NAME)";
				SWIFT_VERSION = 3.0;
			};
			name = Debug;
		};
		38071D341F974D0C00A4D9CF /* Release */ = {
			isa = XCBuildConfiguration;
			baseConfigurationReference = 5BF0D6C9281080EA100372F1 /* Pods-Daily.release.xcconfig */;
			buildSettings = {
				ASSETCATALOG_COMPILER_APPICON_NAME = AppIcon;
				DEVELOPMENT_TEAM = 8P47JR3FHB;
				INFOPLIST_FILE = Daily/Info.plist;
				IPHONEOS_DEPLOYMENT_TARGET = 10.3;
				LD_RUNPATH_SEARCH_PATHS = "$(inherited) @executable_path/Frameworks";
				PRODUCT_BUNDLE_IDENTIFIER = vicentesiis.Daily;
				PRODUCT_NAME = "$(TARGET_NAME)";
				SWIFT_VERSION = 3.0;
			};
			name = Release;
		};
/* End XCBuildConfiguration section */

/* Begin XCConfigurationList section */
		38071D181F974D0B00A4D9CF /* Build configuration list for PBXProject "Daily" */ = {
			isa = XCConfigurationList;
			buildConfigurations = (
				38071D301F974D0C00A4D9CF /* Debug */,
				38071D311F974D0C00A4D9CF /* Release */,
			);
			defaultConfigurationIsVisible = 0;
			defaultConfigurationName = Release;
		};
		38071D321F974D0C00A4D9CF /* Build configuration list for PBXNativeTarget "Daily" */ = {
			isa = XCConfigurationList;
			buildConfigurations = (
				38071D331F974D0C00A4D9CF /* Debug */,
				38071D341F974D0C00A4D9CF /* Release */,
			);
			defaultConfigurationIsVisible = 0;
			defaultConfigurationName = Release;
		};
/* End XCConfigurationList section */

/* Begin XCVersionGroup section */
		38071D271F974D0C00A4D9CF /* Daily.xcdatamodeld */ = {
			isa = XCVersionGroup;
			children = (
				38071D281F974D0C00A4D9CF /* Daily.xcdatamodel */,
			);
			currentVersion = 38071D281F974D0C00A4D9CF /* Daily.xcdatamodel */;
			path = Daily.xcdatamodeld;
			sourceTree = "<group>";
			versionGroupType = wrapper.xcdatamodel;
		};
/* End XCVersionGroup section */
	};
	rootObject = 38071D151F974D0B00A4D9CF /* Project object */;
}
