// !$*UTF8*$!
{
	archiveVersion = 1;
	classes = {
	};
	objectVersion = 46;
	objects = {

/* Begin PBXBuildFile section */
		38071D211F974D0C00A4D9CF /* AppDelegate.swift in Sources */ = {isa = PBXBuildFile; fileRef = 38071D201F974D0C00A4D9CF /* AppDelegate.swift */; };
		38071D231F974D0C00A4D9CF /* ViewController.swift in Sources */ = {isa = PBXBuildFile; fileRef = 38071D221F974D0C00A4D9CF /* ViewController.swift */; };
		38071D261F974D0C00A4D9CF /* Main.storyboard in Resources */ = {isa = PBXBuildFile; fileRef = 38071D241F974D0C00A4D9CF /* Main.storyboard */; };
		38071D291F974D0C00A4D9CF /* Daily.xcdatamodeld in Sources */ = {isa = PBXBuildFile; fileRef = 38071D271F974D0C00A4D9CF /* Daily.xcdatamodeld */; };
		38071D2B1F974D0C00A4D9CF /* Assets.xcassets in Resources */ = {isa = PBXBuildFile; fileRef = 38071D2A1F974D0C00A4D9CF /* Assets.xcassets */; };
		38071D2E1F974D0C00A4D9CF /* LaunchScreen.storyboard in Resources */ = {isa = PBXBuildFile; fileRef = 38071D2C1F974D0C00A4D9CF /* LaunchScreen.storyboard */; };
/* End PBXBuildFile section */

/* Begin PBXFileReference section */
		38071D1D1F974D0C00A4D9CF /* Daily.app */ = {isa = PBXFileReference; explicitFileType = wrapper.application; includeInIndex = 0; path = Daily.app; sourceTree = BUILT_PRODUCTS_DIR; };
		38071D201F974D0C00A4D9CF /* AppDelegate.swift */ = {isa = PBXFileReference; lastKnownFileType = sourcecode.swift; path = AppDelegate.swift; sourceTree = "<group>"; };
		38071D221F974D0C00A4D9CF /* ViewController.swift */ = {isa = PBXFileReference; lastKnownFileType = sourcecode.swift; path = ViewController.swift; sourceTree = "<group>"; };
		38071D251F974D0C00A4D9CF /* Base */ = {isa = PBXFileReference; lastKnownFileType = file.storyboard; name = Base; path = Base.lproj/Main.storyboard; sourceTree = "<group>"; };
		38071D281F974D0C00A4D9CF /* Daily.xcdatamodel */ = {isa = PBXFileReference; lastKnownFileType = wrapper.xcdatamodel; path = Daily.xcdatamodel; sourceTree = "<group>"; };
		38071D2A1F974D0C00A4D9CF /* Assets.xcassets */ = {isa = PBXFileReference; lastKnownFileType = folder.assetcatalog; path = Assets.xcassets; sourceTree = "<group>"; };
		38071D2D1F974D0C00A4D9CF /* Base */ = {isa = PBXFileReference; lastKnownFileType = file.storyboard; name = Base; path = Base.lproj/LaunchScreen.storyboard; sourceTree = "<group>"; };
		38071D2F1F974D0C00A4D9CF /* Info.plist */ = {isa = PBXFileReference; lastKnownFileType = text.plist.xml; path = Info.plist; sourceTree = "<group>"; };
/* End PBXFileReference section */

/* Begin PBXFrameworksBuildPhase section */
		38071D1A1F974D0B00A4D9CF /* Frameworks */ = {
			isa = PBXFrameworksBuildPhase;
			buildActionMask = 2147483647;
			files = (
			);
			runOnlyForDeploymentPostprocessing = 0;
		};
/* End PBXFrameworksBuildPhase section */

/* Begin PBXGroup section */
		38071D141F974D0B00A4D9CF = {
			isa = PBXGroup;
			children = (
				38071D1F1F974D0C00A4D9CF /* Daily */,
				38071D1E1F974D0C00A4D9CF /* Products */,
			);
			sourceTree = "<group>";
		};
		38071D1E1F974D0C00A4D9CF /* Products */ = {
			isa = PBXGroup;
			children = (
				38071D1D1F974D0C00A4D9CF /* Daily.app */,
			);
			name = Products;
			sourceTree = "<group>";
		};
		38071D1F1F974D0C00A4D9CF /* Daily */ = {
			isa = PBXGroup;
			children = (
				38071D201F974D0C00A4D9CF /* AppDelegate.swift */,
				38071D221F974D0C00A4D9CF /* ViewController.swift */,
				38071D241F974D0C00A4D9CF /* Main.storyboard */,
				38071D2A1F974D0C00A4D9CF /* Assets.xcassets */,
				38071D2C1F974D0C00A4D9CF /* LaunchScreen.storyboard */,
				38071D2F1F974D0C00A4D9CF /* Info.plist */,
				38071D271F974D0C00A4D9CF /* Daily.xcdatamodeld */,
			);
			path = Daily;
			sourceTree = "<group>";
		};
/* End PBXGroup section */

/* Begin PBXNativeTarget section */
		38071D1C1F974D0B00A4D9CF /* Daily */ = {
			isa = PBXNativeTarget;
			buildConfigurationList = 38071D321F974D0C00A4D9CF /* Build configuration list for PBXNativeTarget "Daily" */;
			buildPhases = (
				38071D191F974D0B00A4D9CF /* Sources */,
				38071D1A1F974D0B00A4D9CF /* Frameworks */,
				38071D1B1F974D0B00A4D9CF /* Resources */,
			);
			buildRules = (
			);
			dependencies = (
			);
			name = Daily;
			productName = Daily;
			productReference = 38071D1D1F974D0C00A4D9CF /* Daily.app */;
			productType = "com.apple.product-type.application";
		};
/* End PBXNativeTarget section */

/* Begin PBXProject section */
		38071D151F974D0B00A4D9CF /* Project object */ = {
			isa = PBXProject;
			attributes = {
				LastSwiftUpdateCheck = 0830;
				LastUpgradeCheck = 0830;
				ORGANIZATIONNAME = "Vicente Cantu Garcia";
				TargetAttributes = {
					38071D1C1F974D0B00A4D9CF = {
						CreatedOnToolsVersion = 8.3.3;
						DevelopmentTeam = 8P47JR3FHB;
						ProvisioningStyle = Automatic;
					};
				};
			};
			buildConfigurationList = 38071D181F974D0B00A4D9CF /* Build configuration list for PBXProject "Daily" */;
			compatibilityVersion = "Xcode 3.2";
			developmentRegion = English;
			hasScannedForEncodings = 0;
			knownRegions = (
				en,
				Base,
			);
			mainGroup = 38071D141F974D0B00A4D9CF;
			productRefGroup = 38071D1E1F974D0C00A4D9CF /* Products */;
			projectDirPath = "";
			projectRoot = "";
			targets = (
				38071D1C1F974D0B00A4D9CF /* Daily */,
			);
		};
/* End PBXProject section */

/* Begin PBXResourcesBuildPhase section */
		38071D1B1F974D0B00A4D9CF /* Resources */ = {
			isa = PBXResourcesBuildPhase;
			buildActionMask = 2147483647;
			files = (
				38071D2E1F974D0C00A4D9CF /* LaunchScreen.storyboard in Resources */,
				38071D2B1F974D0C00A4D9CF /* Assets.xcassets in Resources */,
				38071D261F974D0C00A4D9CF /* Main.storyboard in Resources */,
			);
			runOnlyForDeploymentPostprocessing = 0;
		};
/* End PBXResourcesBuildPhase section */

/* Begin PBXSourcesBuildPhase section */
		38071D191F974D0B00A4D9CF /* Sources */ = {
			isa = PBXSourcesBuildPhase;
			buildActionMask = 2147483647;
			files = (
				38071D231F974D0C00A4D9CF /* ViewController.swift in Sources */,
				38071D291F974D0C00A4D9CF /* Daily.xcdatamodeld in Sources */,
				38071D211F974D0C00A4D9CF /* AppDelegate.swift in Sources */,
			);
			runOnlyForDeploymentPostprocessing = 0;
		};
/* End PBXSourcesBuildPhase section */

/* Begin PBXVariantGroup section */
		38071D241F974D0C00A4D9CF /* Main.storyboard */ = {
			isa = PBXVariantGroup;
			children = (
				38071D251F974D0C00A4D9CF /* Base */,
			);
			name = Main.storyboard;
			sourceTree = "<group>";
		};
		38071D2C1F974D0C00A4D9CF /* LaunchScreen.storyboard */ = {
			isa = PBXVariantGroup;
			children = (
				38071D2D1F974D0C00A4D9CF /* Base */,
			);
			name = LaunchScreen.storyboard;
			sourceTree = "<group>";
		};
/* End PBXVariantGroup section */

/* Begin XCBuildConfiguration section */
		38071D301F974D0C00A4D9CF /* Debug */ = {
			isa = XCBuildConfiguration;
			buildSettings = {
				ALWAYS_SEARCH_USER_PATHS = NO;
				CLANG_ANALYZER_NONNULL = YES;
				CLANG_ANALYZER_NUMBER_OBJECT_CONVERSION = YES_AGGRESSIVE;
				CLANG_CXX_LANGUAGE_STANDARD = "gnu++0x";
				CLANG_CXX_LIBRARY = "libc++";
				CLANG_ENABLE_MODULES = YES;
				CLANG_ENABLE_OBJC_ARC = YES;
				CLANG_WARN_BOOL_CONVERSION = YES;
				CLANG_WARN_CONSTANT_CONVERSION = YES;
				CLANG_WARN_DIRECT_OBJC_ISA_USAGE = YES_ERROR;
				CLANG_WARN_DOCUMENTATION_COMMENTS = YES;
				CLANG_WARN_EMPTY_BODY = YES;
				CLANG_WARN_ENUM_CONVERSION = YES;
				CLANG_WARN_INFINITE_RECURSION = YES;
				CLANG_WARN_INT_CONVERSION = YES;
				CLANG_WARN_OBJC_ROOT_CLASS = YES_ERROR;
				CLANG_WARN_SUSPICIOUS_MOVE = YES;
				CLANG_WARN_UNREACHABLE_CODE = YES;
				CLANG_WARN__DUPLICATE_METHOD_MATCH = YES;
				"CODE_SIGN_IDENTITY[sdk=iphoneos*]" = "iPhone Developer";
				COPY_PHASE_STRIP = NO;
				DEBUG_INFORMATION_FORMAT = dwarf;
				ENABLE_STRICT_OBJC_MSGSEND = YES;
				ENABLE_TESTABILITY = YES;
				GCC_C_LANGUAGE_STANDARD = gnu99;
				GCC_DYNAMIC_NO_PIC = NO;
				GCC_NO_COMMON_BLOCKS = YES;
				GCC_OPTIMIZATION_LEVEL = 0;
				GCC_PREPROCESSOR_DEFINITIONS = (
					"DEBUG=1",
					"$(inherited)",
				);
				GCC_WARN_64_TO_32_BIT_CONVERSION = YES;
				GCC_WARN_ABOUT_RETURN_TYPE = YES_ERROR;
				GCC_WARN_UNDECLARED_SELECTOR = YES;
				GCC_WARN_UNINITIALIZED_AUTOS = YES_AGGRESSIVE;
				GCC_WARN_UNUSED_FUNCTION = YES;
				GCC_WARN_UNUSED_VARIABLE = YES;
				IPHONEOS_DEPLOYMENT_TARGET = 10.3;
				MTL_ENABLE_DEBUG_INFO = YES;
				ONLY_ACTIVE_ARCH = YES;
				SDKROOT = iphoneos;
				SWIFT_ACTIVE_COMPILATION_CONDITIONS = DEBUG;
				SWIFT_OPTIMIZATION_LEVEL = "-Onone";
				TARGETED_DEVICE_FAMILY = "1,2";
			};
			name = Debug;
		};
		38071D311F974D0C00A4D9CF /* Release */ = {
			isa = XCBuildConfiguration;
			buildSettings = {
				ALWAYS_SEARCH_USER_PATHS = NO;
				CLANG_ANALYZER_NONNULL = YES;
				CLANG_ANALYZER_NUMBER_OBJECT_CONVERSION = YES_AGGRESSIVE;
				CLANG_CXX_LANGUAGE_STANDARD = "gnu++0x";
				CLANG_CXX_LIBRARY = "libc++";
				CLANG_ENABLE_MODULES = YES;
				CLANG_ENABLE_OBJC_ARC = YES;
				CLANG_WARN_BOOL_CONVERSION = YES;
				CLANG_WARN_CONSTANT_CONVERSION = YES;
				CLANG_WARN_DIRECT_OBJC_ISA_USAGE = YES_ERROR;
				CLANG_WARN_DOCUMENTATION_COMMENTS = YES;
				CLANG_WARN_EMPTY_BODY = YES;
				CLANG_WARN_ENUM_CONVERSION = YES;
				CLANG_WARN_INFINITE_RECURSION = YES;
				CLANG_WARN_INT_CONVERSION = YES;
				CLANG_WARN_OBJC_ROOT_CLASS = YES_ERROR;
				CLANG_WARN_SUSPICIOUS_MOVE = YES;
				CLANG_WARN_UNREACHABLE_CODE = YES;
				CLANG_WARN__DUPLICATE_METHOD_MATCH = YES;
				"CODE_SIGN_IDENTITY[sdk=iphoneos*]" = "iPhone Developer";
				COPY_PHASE_STRIP = NO;
				DEBUG_INFORMATION_FORMAT = "dwarf-with-dsym";
				ENABLE_NS_ASSERTIONS = NO;
				ENABLE_STRICT_OBJC_MSGSEND = YES;
				GCC_C_LANGUAGE_STANDARD = gnu99;
				GCC_NO_COMMON_BLOCKS = YES;
				GCC_WARN_64_TO_32_BIT_CONVERSION = YES;
				GCC_WARN_ABOUT_RETURN_TYPE = YES_ERROR;
				GCC_WARN_UNDECLARED_SELECTOR = YES;
				GCC_WARN_UNINITIALIZED_AUTOS = YES_AGGRESSIVE;
				GCC_WARN_UNUSED_FUNCTION = YES;
				GCC_WARN_UNUSED_VARIABLE = YES;
				IPHONEOS_DEPLOYMENT_TARGET = 10.3;
				MTL_ENABLE_DEBUG_INFO = NO;
				SDKROOT = iphoneos;
				SWIFT_OPTIMIZATION_LEVEL = "-Owholemodule";
				TARGETED_DEVICE_FAMILY = "1,2";
				VALIDATE_PRODUCT = YES;
			};
			name = Release;
		};
		38071D331F974D0C00A4D9CF /* Debug */ = {
			isa = XCBuildConfiguration;
			buildSettings = {
				ASSETCATALOG_COMPILER_APPICON_NAME = AppIcon;
				DEVELOPMENT_TEAM = 8P47JR3FHB;
				INFOPLIST_FILE = Daily/Info.plist;
				LD_RUNPATH_SEARCH_PATHS = "$(inherited) @executable_path/Frameworks";
				PRODUCT_BUNDLE_IDENTIFIER = vicentesiis.Daily;
				PRODUCT_NAME = "$(TARGET_NAME)";
				SWIFT_VERSION = 3.0;
			};
			name = Debug;
		};
		38071D341F974D0C00A4D9CF /* Release */ = {
			isa = XCBuildConfiguration;
			buildSettings = {
				ASSETCATALOG_COMPILER_APPICON_NAME = AppIcon;
				DEVELOPMENT_TEAM = 8P47JR3FHB;
				INFOPLIST_FILE = Daily/Info.plist;
				LD_RUNPATH_SEARCH_PATHS = "$(inherited) @executable_path/Frameworks";
				PRODUCT_BUNDLE_IDENTIFIER = vicentesiis.Daily;
				PRODUCT_NAME = "$(TARGET_NAME)";
				SWIFT_VERSION = 3.0;
			};
			name = Release;
		};
/* End XCBuildConfiguration section */

/* Begin XCConfigurationList section */
		38071D181F974D0B00A4D9CF /* Build configuration list for PBXProject "Daily" */ = {
			isa = XCConfigurationList;
			buildConfigurations = (
				38071D301F974D0C00A4D9CF /* Debug */,
				38071D311F974D0C00A4D9CF /* Release */,
			);
			defaultConfigurationIsVisible = 0;
			defaultConfigurationName = Release;
		};
		38071D321F974D0C00A4D9CF /* Build configuration list for PBXNativeTarget "Daily" */ = {
			isa = XCConfigurationList;
			buildConfigurations = (
				38071D331F974D0C00A4D9CF /* Debug */,
				38071D341F974D0C00A4D9CF /* Release */,
			);
			defaultConfigurationIsVisible = 0;
		};
/* End XCConfigurationList section */

/* Begin XCVersionGroup section */
		38071D271F974D0C00A4D9CF /* Daily.xcdatamodeld */ = {
			isa = XCVersionGroup;
			children = (
				38071D281F974D0C00A4D9CF /* Daily.xcdatamodel */,
			);
			currentVersion = 38071D281F974D0C00A4D9CF /* Daily.xcdatamodel */;
			path = Daily.xcdatamodeld;
			sourceTree = "<group>";
			versionGroupType = wrapper.xcdatamodel;
		};
/* End XCVersionGroup section */
	};
	rootObject = 38071D151F974D0B00A4D9CF /* Project object */;
}
